Microsoft Visual Studio Solution File, Format Version 12.00
# Visual Studio Version 17
VisualStudioVersion = 17.5.2.0
MinimumVisualStudioVersion = 10.0.40219.1
Project("{FAE04EC0-301F-11D3-BF4B-00C04F79EFBC}") = "AzureRoleCheck", "AzureRoleCheck.csproj", "{D7D8FA31-72A2-D89F-7A54-A05075941A93}"
EndProject
Global
	GlobalSection(SolutionConfigurationPlatforms) = preSolution
		Debug|Any CPU = Debug|Any CPU
		Release|Any CPU = Release|Any CPU
	EndGlobalSection
	GlobalSection(ProjectConfigurationPlatforms) = postSolution
		{D7D8FA31-72A2-D89F-7A54-A05075941A93}.Debug|Any CPU.ActiveCfg = Debug|Any CPU
		{D7D8FA31-72A2-D89F-7A54-A05075941A93}.Debug|Any CPU.Build.0 = Debug|Any CPU
		{D7D8FA31-72A2-D89F-7A54-A05075941A93}.Release|Any CPU.ActiveCfg = Release|Any CPU
		{D7D8FA31-72A2-D89F-7A54-A05075941A93}.Release|Any CPU.Build.0 = Release|Any CPU
	EndGlobalSection
	GlobalSection(SolutionProperties) = preSolution
		HideSolutionNode = FALSE
	EndGlobalSection
	GlobalSection(ExtensibilityGlobals) = postSolution
		SolutionGuid = {4C1ACE93-AE5C-4658-9EAA-DBF70E6BCF5C}
	EndGlobalSection
EndGlobal
